
Microsoft Visual Studio Solution File, Format Version 12.00
# Visual Studio Version 17
VisualStudioVersion = 17.0.32014.148
MinimumVisualStudioVersion = 10.0.40219.1
Project("{FAE04EC0-301F-11D3-BF4B-00C04F79EFBC}") = "Graph process", "Graph process.csproj", "{D2FF0FEB-A352-48C1-8B40-C78C09E496E7}"
EndProject
Global
	GlobalSection(SolutionConfigurationPlatforms) = preSolution
		Debug|Any CPU = Debug|Any CPU
		Release|Any CPU = Release|Any CPU
	EndGlobalSection
	GlobalSection(ProjectConfigurationPlatforms) = postSolution
		{D2FF0FEB-A352-48C1-8B40-C78C09E496E7}.Debug|Any CPU.ActiveCfg = Debug|Any CPU
		{D2FF0FEB-A352-48C1-8B40-C78C09E496E7}.Debug|Any CPU.Build.0 = Debug|Any CPU
		{D2FF0FEB-A352-48C1-8B40-C78C09E496E7}.Release|Any CPU.ActiveCfg = Release|Any CPU
		{D2FF0FEB-A352-48C1-8B40-C78C09E496E7}.Release|Any CPU.Build.0 = Release|Any CPU
	EndGlobalSection
	GlobalSection(SolutionProperties) = preSolution
		HideSolutionNode = FALSE
	EndGlobalSection
	GlobalSection(ExtensibilityGlobals) = postSolution
		SolutionGuid = {FF8E4816-AE76-46CE-9261-9209C9D09217}
	EndGlobalSection
EndGlobal
